{
  "name": "hot-update",
  "version": "1.0.0",
  "lockfileVersion": 1,
  "requires": true,
  "dependencies": {
    "heapdump": {
      "version": "0.3.9",
      "resolved": "http://registry.npm.taobao.org/heapdump/download/heapdump-0.3.9.tgz",
      "integrity": "sha1-A8dOsN9dZ74Jgug0KbqcnSs7f3g=",
      "dev": true
    }
  }
}
